
Microsoft Visual Studio Solution File, Format Version 12.00
# Visual Studio Version 16
VisualStudioVersion = 16.0.28803.452
MinimumVisualStudioVersion = 10.0.40219.1
Project("{FAE04EC0-301F-11D3-BF4B-00C04F79EFBC}") = "FHIR IG Builder Assistant", "FHIR IG Builder Assistant\FHIR IG Builder Assistant.csproj", "{F4FB839D-1661-418B-8540-1702145A9F01}"
EndProject
Global
	GlobalSection(SolutionConfigurationPlatforms) = preSolution
		Debug|Any CPU = Debug|Any CPU
		Release|Any CPU = Release|Any CPU
	EndGlobalSection
	GlobalSection(ProjectConfigurationPlatforms) = postSolution
		{F4FB839D-1661-418B-8540-1702145A9F01}.Debug|Any CPU.ActiveCfg = Debug|Any CPU
		{F4FB839D-1661-418B-8540-1702145A9F01}.Debug|Any CPU.Build.0 = Debug|Any CPU
		{F4FB839D-1661-418B-8540-1702145A9F01}.Release|Any CPU.ActiveCfg = Release|Any CPU
		{F4FB839D-1661-418B-8540-1702145A9F01}.Release|Any CPU.Build.0 = Release|Any CPU
	EndGlobalSection
	GlobalSection(SolutionProperties) = preSolution
		HideSolutionNode = FALSE
	EndGlobalSection
	GlobalSection(ExtensibilityGlobals) = postSolution
		SolutionGuid = {4DCD3207-3EBF-43E1-9A77-14EFFDB8C354}
	EndGlobalSection
EndGlobal
